
Microsoft Visual Studio Solution File, Format Version 12.00
# Visual Studio 15
VisualStudioVersion = 15.0.27703.2047
MinimumVisualStudioVersion = 10.0.40219.1
Project("{FAE04EC0-301F-11D3-BF4B-00C04F79EFBC}") = "Praca magisterska", "Praca magisterska\Praca magisterska.csproj", "{C0E494B9-22A8-4028-A7A1-CD041B90208E}"
EndProject
Global
	GlobalSection(SolutionConfigurationPlatforms) = preSolution
		Debug|Any CPU = Debug|Any CPU
		Release|Any CPU = Release|Any CPU
	EndGlobalSection
	GlobalSection(ProjectConfigurationPlatforms) = postSolution
		{C0E494B9-22A8-4028-A7A1-CD041B90208E}.Debug|Any CPU.ActiveCfg = Debug|Any CPU
		{C0E494B9-22A8-4028-A7A1-CD041B90208E}.Debug|Any CPU.Build.0 = Debug|Any CPU
		{C0E494B9-22A8-4028-A7A1-CD041B90208E}.Release|Any CPU.ActiveCfg = Release|Any CPU
		{C0E494B9-22A8-4028-A7A1-CD041B90208E}.Release|Any CPU.Build.0 = Release|Any CPU
	EndGlobalSection
	GlobalSection(SolutionProperties) = preSolution
		HideSolutionNode = FALSE
	EndGlobalSection
	GlobalSection(ExtensibilityGlobals) = postSolution
		SolutionGuid = {D7A31A74-8488-421E-BE96-C2943F3CBA6F}
	EndGlobalSection
EndGlobal
